// !$*UTF8*$!
{
	archiveVersion = 1;
	classes = {
	};
	objectVersion = 48;
	objects = {

/* Begin PBXBuildFile section */
		B18D9FD81F9F614700A21E1A /* AppDelegate.swift in Sources */ = {isa = PBXBuildFile; fileRef = B18D9FD71F9F614700A21E1A /* AppDelegate.swift */; };
		B18D9FDA1F9F614700A21E1A /* ViewController.swift in Sources */ = {isa = PBXBuildFile; fileRef = B18D9FD91F9F614700A21E1A /* ViewController.swift */; };
		B18D9FDD1F9F614700A21E1A /* Main.storyboard in Resources */ = {isa = PBXBuildFile; fileRef = B18D9FDB1F9F614700A21E1A /* Main.storyboard */; };
		B18D9FDF1F9F614700A21E1A /* Assets.xcassets in Resources */ = {isa = PBXBuildFile; fileRef = B18D9FDE1F9F614700A21E1A /* Assets.xcassets */; };
		B18D9FE21F9F614700A21E1A /* LaunchScreen.storyboard in Resources */ = {isa = PBXBuildFile; fileRef = B18D9FE01F9F614700A21E1A /* LaunchScreen.storyboard */; };
/* End PBXBuildFile section */

/* Begin PBXFileReference section */
		B18D9FD41F9F614700A21E1A /* VerticalSliders.app */ = {isa = PBXFileReference; explicitFileType = wrapper.application; includeInIndex = 0; path = VerticalSliders.app; sourceTree = BUILT_PRODUCTS_DIR; };
		B18D9FD71F9F614700A21E1A /* AppDelegate.swift */ = {isa = PBXFileReference; lastKnownFileType = sourcecode.swift; path = AppDelegate.swift; sourceTree = "<group>"; };
		B18D9FD91F9F614700A21E1A /* ViewController.swift */ = {isa = PBXFileReference; lastKnownFileType = sourcecode.swift; path = ViewController.swift; sourceTree = "<group>"; };
		B18D9FDC1F9F614700A21E1A /* Base */ = {isa = PBXFileReference; lastKnownFileType = file.storyboard; name = Base; path = Base.lproj/Main.storyboard; sourceTree = "<group>"; };
		B18D9FDE1F9F614700A21E1A /* Assets.xcassets */ = {isa = PBXFileReference; lastKnownFileType = folder.assetcatalog; path = Assets.xcassets; sourceTree = "<group>"; };
		B18D9FE11F9F614700A21E1A /* Base */ = {isa = PBXFileReference; lastKnownFileType = file.storyboard; name = Base; path = Base.lproj/LaunchScreen.storyboard; sourceTree = "<group>"; };
		B18D9FE31F9F614700A21E1A /* Info.plist */ = {isa = PBXFileReference; lastKnownFileType = text.plist.xml; path = Info.plist; sourceTree = "<group>"; };
/* End PBXFileReference section */

/* Begin PBXFrameworksBuildPhase section */
		B18D9FD11F9F614700A21E1A /* Frameworks */ = {
			isa = PBXFrameworksBuildPhase;
			buildActionMask = 2147483647;
			files = (
			);
			runOnlyForDeploymentPostprocessing = 0;
		};
/* End PBXFrameworksBuildPhase section */

/* Begin PBXGroup section */
		B18D9FCB1F9F614700A21E1A = {
			isa = PBXGroup;
			children = (
				B18D9FD61F9F614700A21E1A /* VerticalSliders */,
				B18D9FD51F9F614700A21E1A /* Products */,
			);
			sourceTree = "<group>";
		};
		B18D9FD51F9F614700A21E1A /* Products */ = {
			isa = PBXGroup;
			children = (
				B18D9FD41F9F614700A21E1A /* VerticalSliders.app */,
			);
			name = Products;
			sourceTree = "<group>";
		};
		B18D9FD61F9F614700A21E1A /* VerticalSliders */ = {
			isa = PBXGroup;
			children = (
				B18D9FD71F9F614700A21E1A /* AppDelegate.swift */,
				B18D9FD91F9F614700A21E1A /* ViewController.swift */,
				B18D9FDB1F9F614700A21E1A /* Main.storyboard */,
				B18D9FDE1F9F614700A21E1A /* Assets.xcassets */,
				B18D9FE01F9F614700A21E1A /* LaunchScreen.storyboard */,
				B18D9FE31F9F614700A21E1A /* Info.plist */,
			);
			path = VerticalSliders;
			sourceTree = "<group>";
		};
/* End PBXGroup section */

/* Begin PBXNativeTarget section */
		B18D9FD31F9F614700A21E1A /* VerticalSliders */ = {
			isa = PBXNativeTarget;
			buildConfigurationList = B18D9FE61F9F614700A21E1A /* Build configuration list for PBXNativeTarget "VerticalSliders" */;
			buildPhases = (
				B18D9FD01F9F614700A21E1A /* Sources */,
				B18D9FD11F9F614700A21E1A /* Frameworks */,
				B18D9FD21F9F614700A21E1A /* Resources */,
			);
			buildRules = (
			);
			dependencies = (
			);
			name = VerticalSliders;
			productName = VerticalSliders;
			productReference = B18D9FD41F9F614700A21E1A /* VerticalSliders.app */;
			productType = "com.apple.product-type.application";
		};
/* End PBXNativeTarget section */

/* Begin PBXProject section */
		B18D9FCC1F9F614700A21E1A /* Project object */ = {
			isa = PBXProject;
			attributes = {
				LastSwiftUpdateCheck = 0910;
				LastUpgradeCheck = 0910;
				ORGANIZATIONNAME = "Miklos Kekkoi";
				TargetAttributes = {
					B18D9FD31F9F614700A21E1A = {
						CreatedOnToolsVersion = 9.1;
						ProvisioningStyle = Automatic;
					};
				};
			};
			buildConfigurationList = B18D9FCF1F9F614700A21E1A /* Build configuration list for PBXProject "VerticalSliders" */;
			compatibilityVersion = "Xcode 8.0";
			developmentRegion = en;
			hasScannedForEncodings = 0;
			knownRegions = (
				en,
				Base,
			);
			mainGroup = B18D9FCB1F9F614700A21E1A;
			productRefGroup = B18D9FD51F9F614700A21E1A /* Products */;
			projectDirPath = "";
			projectRoot = "";
			targets = (
				B18D9FD31F9F614700A21E1A /* VerticalSliders */,
			);
		};
/* End PBXProject section */

/* Begin PBXResourcesBuildPhase section */
		B18D9FD21F9F614700A21E1A /* Resources */ = {
			isa = PBXResourcesBuildPhase;
			buildActionMask = 2147483647;
			files = (
				B18D9FE21F9F614700A21E1A /* LaunchScreen.storyboard in Resources */,
				B18D9FDF1F9F614700A21E1A /* Assets.xcassets in Resources */,
				B18D9FDD1F9F614700A21E1A /* Main.storyboard in Resources */,
			);
			runOnlyForDeploymentPostprocessing = 0;
		};
/* End PBXResourcesBuildPhase section */

/* Begin PBXSourcesBuildPhase section */
		B18D9FD01F9F614700A21E1A /* Sources */ = {
			isa = PBXSourcesBuildPhase;
			buildActionMask = 2147483647;
			files = (
				B18D9FDA1F9F614700A21E1A /* ViewController.swift in Sources */,
				B18D9FD81F9F614700A21E1A /* AppDelegate.swift in Sources */,
			);
			runOnlyForDeploymentPostprocessing = 0;
		};
/* End PBXSourcesBuildPhase section */

/* Begin PBXVariantGroup section */
		B18D9FDB1F9F614700A21E1A /* Main.storyboard */ = {
			isa = PBXVariantGroup;
			children = (
				B18D9FDC1F9F614700A21E1A /* Base */,
			);
			name = Main.storyboard;
			sourceTree = "<group>";
		};
		B18D9FE01F9F614700A21E1A /* LaunchScreen.storyboard */ = {
			isa = PBXVariantGroup;
			children = (
				B18D9FE11F9F614700A21E1A /* Base */,
			);
			name = LaunchScreen.storyboard;
			sourceTree = "<group>";
		};
/* End PBXVariantGroup section */

/* Begin XCBuildConfiguration section */
		B18D9FE41F9F614700A21E1A /* Debug */ = {
			isa = XCBuildConfiguration;
			buildSettings = {
				ALWAYS_SEARCH_USER_PATHS = NO;
				CLANG_ANALYZER_NONNULL = YES;
				CLANG_ANALYZER_NUMBER_OBJECT_CONVERSION = YES_AGGRESSIVE;
				CLANG_CXX_LANGUAGE_STANDARD = "gnu++14";
				CLANG_CXX_LIBRARY = "libc++";
				CLANG_ENABLE_MODULES = YES;
				CLANG_ENABLE_OBJC_ARC = YES;
				CLANG_WARN_BLOCK_CAPTURE_AUTORELEASING = YES;
				CLANG_WARN_BOOL_CONVERSION = YES;
				CLANG_WARN_COMMA = YES;
				CLANG_WARN_CONSTANT_CONVERSION = YES;
				CLANG_WARN_DIRECT_OBJC_ISA_USAGE = YES_ERROR;
				CLANG_WARN_DOCUMENTATION_COMMENTS = YES;
				CLANG_WARN_EMPTY_BODY = YES;
				CLANG_WARN_ENUM_CONVERSION = YES;
				CLANG_WARN_INFINITE_RECURSION = YES;
				CLANG_WARN_INT_CONVERSION = YES;
				CLANG_WARN_NON_LITERAL_NULL_CONVERSION = YES;
				CLANG_WARN_OBJC_LITERAL_CONVERSION = YES;
				CLANG_WARN_OBJC_ROOT_CLASS = YES_ERROR;
				CLANG_WARN_RANGE_LOOP_ANALYSIS = YES;
				CLANG_WARN_STRICT_PROTOTYPES = YES;
				CLANG_WARN_SUSPICIOUS_MOVE = YES;
				CLANG_WARN_UNGUARDED_AVAILABILITY = YES_AGGRESSIVE;
				CLANG_WARN_UNREACHABLE_CODE = YES;
				CLANG_WARN__DUPLICATE_METHOD_MATCH = YES;
				CODE_SIGN_IDENTITY = "iPhone Developer";
				COPY_PHASE_STRIP = NO;
				DEBUG_INFORMATION_FORMAT = dwarf;
				ENABLE_STRICT_OBJC_MSGSEND = YES;
				ENABLE_TESTABILITY = YES;
				GCC_C_LANGUAGE_STANDARD = gnu11;
				GCC_DYNAMIC_NO_PIC = NO;
				GCC_NO_COMMON_BLOCKS = YES;
				GCC_OPTIMIZATION_LEVEL = 0;
				GCC_PREPROCESSOR_DEFINITIONS = (
					"DEBUG=1",
					"$(inherited)",
				);
				GCC_WARN_64_TO_32_BIT_CONVERSION = YES;
				GCC_WARN_ABOUT_RETURN_TYPE = YES_ERROR;
				GCC_WARN_UNDECLARED_SELECTOR = YES;
				GCC_WARN_UNINITIALIZED_AUTOS = YES_AGGRESSIVE;
				GCC_WARN_UNUSED_FUNCTION = YES;
				GCC_WARN_UNUSED_VARIABLE = YES;
				IPHONEOS_DEPLOYMENT_TARGET = 11.1;
				MTL_ENABLE_DEBUG_INFO = YES;
				ONLY_ACTIVE_ARCH = YES;
				SDKROOT = iphoneos;
				SWIFT_ACTIVE_COMPILATION_CONDITIONS = DEBUG;
				SWIFT_OPTIMIZATION_LEVEL = "-Onone";
			};
			name = Debug;
		};
		B18D9FE51F9F614700A21E1A /* Release */ = {
			isa = XCBuildConfiguration;
			buildSettings = {
				ALWAYS_SEARCH_USER_PATHS = NO;
				CLANG_ANALYZER_NONNULL = YES;
				CLANG_ANALYZER_NUMBER_OBJECT_CONVERSION = YES_AGGRESSIVE;
				CLANG_CXX_LANGUAGE_STANDARD = "gnu++14";
				CLANG_CXX_LIBRARY = "libc++";
				CLANG_ENABLE_MODULES = YES;
				CLANG_ENABLE_OBJC_ARC = YES;
				CLANG_WARN_BLOCK_CAPTURE_AUTORELEASING = YES;
				CLANG_WARN_BOOL_CONVERSION = YES;
				CLANG_WARN_COMMA = YES;
				CLANG_WARN_CONSTANT_CONVERSION = YES;
				CLANG_WARN_DIRECT_OBJC_ISA_USAGE = YES_ERROR;
				CLANG_WARN_DOCUMENTATION_COMMENTS = YES;
				CLANG_WARN_EMPTY_BODY = YES;
				CLANG_WARN_ENUM_CONVERSION = YES;
				CLANG_WARN_INFINITE_RECURSION = YES;
				CLANG_WARN_INT_CONVERSION = YES;
				CLANG_WARN_NON_LITERAL_NULL_CONVERSION = YES;
				CLANG_WARN_OBJC_LITERAL_CONVERSION = YES;
				CLANG_WARN_OBJC_ROOT_CLASS = YES_ERROR;
				CLANG_WARN_RANGE_LOOP_ANALYSIS = YES;
				CLANG_WARN_STRICT_PROTOTYPES = YES;
				CLANG_WARN_SUSPICIOUS_MOVE = YES;
				CLANG_WARN_UNGUARDED_AVAILABILITY = YES_AGGRESSIVE;
				CLANG_WARN_UNREACHABLE_CODE = YES;
				CLANG_WARN__DUPLICATE_METHOD_MATCH = YES;
				CODE_SIGN_IDENTITY = "iPhone Developer";
				COPY_PHASE_STRIP = NO;
				DEBUG_INFORMATION_FORMAT = "dwarf-with-dsym";
				ENABLE_NS_ASSERTIONS = NO;
				ENABLE_STRICT_OBJC_MSGSEND = YES;
				GCC_C_LANGUAGE_STANDARD = gnu11;
				GCC_NO_COMMON_BLOCKS = YES;
				GCC_WARN_64_TO_32_BIT_CONVERSION = YES;
				GCC_WARN_ABOUT_RETURN_TYPE = YES_ERROR;
				GCC_WARN_UNDECLARED_SELECTOR = YES;
				GCC_WARN_UNINITIALIZED_AUTOS = YES_AGGRESSIVE;
				GCC_WARN_UNUSED_FUNCTION = YES;
				GCC_WARN_UNUSED_VARIABLE = YES;
				IPHONEOS_DEPLOYMENT_TARGET = 11.1;
				MTL_ENABLE_DEBUG_INFO = NO;
				SDKROOT = iphoneos;
				SWIFT_OPTIMIZATION_LEVEL = "-Owholemodule";
				VALIDATE_PRODUCT = YES;
			};
			name = Release;
		};
		B18D9FE71F9F614700A21E1A /* Debug */ = {
			isa = XCBuildConfiguration;
			buildSettings = {
				ASSETCATALOG_COMPILER_APPICON_NAME = AppIcon;
				CODE_SIGN_STYLE = Automatic;
				DEVELOPMENT_TEAM = 28RGLCMMVL;
				INFOPLIST_FILE = VerticalSliders/Info.plist;
				LD_RUNPATH_SEARCH_PATHS = "$(inherited) @executable_path/Frameworks";
				PRODUCT_BUNDLE_IDENTIFIER = com.kekkoi.VerticalSliders;
				PRODUCT_NAME = "$(TARGET_NAME)";
				SWIFT_VERSION = 4.0;
				TARGETED_DEVICE_FAMILY = "1,2";
			};
			name = Debug;
		};
		B18D9FE81F9F614700A21E1A /* Release */ = {
			isa = XCBuildConfiguration;
			buildSettings = {
				ASSETCATALOG_COMPILER_APPICON_NAME = AppIcon;
				CODE_SIGN_STYLE = Automatic;
				DEVELOPMENT_TEAM = 28RGLCMMVL;
				INFOPLIST_FILE = VerticalSliders/Info.plist;
				LD_RUNPATH_SEARCH_PATHS = "$(inherited) @executable_path/Frameworks";
				PRODUCT_BUNDLE_IDENTIFIER = com.kekkoi.VerticalSliders;
				PRODUCT_NAME = "$(TARGET_NAME)";
				SWIFT_VERSION = 4.0;
				TARGETED_DEVICE_FAMILY = "1,2";
			};
			name = Release;
		};
/* End XCBuildConfiguration section */

/* Begin XCConfigurationList section */
		B18D9FCF1F9F614700A21E1A /* Build configuration list for PBXProject "VerticalSliders" */ = {
			isa = XCConfigurationList;
			buildConfigurations = (
				B18D9FE41F9F614700A21E1A /* Debug */,
				B18D9FE51F9F614700A21E1A /* Release */,
			);
			defaultConfigurationIsVisible = 0;
			defaultConfigurationName = Release;
		};
		B18D9FE61F9F614700A21E1A /* Build configuration list for PBXNativeTarget "VerticalSliders" */ = {
			isa = XCConfigurationList;
			buildConfigurations = (
				B18D9FE71F9F614700A21E1A /* Debug */,
				B18D9FE81F9F614700A21E1A /* Release */,
			);
			defaultConfigurationIsVisible = 0;
			defaultConfigurationName = Release;
		};
/* End XCConfigurationList section */
	};
	rootObject = B18D9FCC1F9F614700A21E1A /* Project object */;
}
